
Microsoft Visual Studio Solution File, Format Version 12.00
# Visual Studio Version 17
VisualStudioVersion = 17.0.31808.319
MinimumVisualStudioVersion = 10.0.40219.1
Project("{FAE04EC0-301F-11D3-BF4B-00C04F79EFBC}") = "CirclePuzzle", "ConsoleApp1\CirclePuzzle.csproj", "{8E02BEE4-F7DC-43F9-B764-63F4BF0CF990}"
EndProject
Global
	GlobalSection(SolutionConfigurationPlatforms) = preSolution
		Debug|Any CPU = Debug|Any CPU
		Release|Any CPU = Release|Any CPU
	EndGlobalSection
	GlobalSection(ProjectConfigurationPlatforms) = postSolution
		{8E02BEE4-F7DC-43F9-B764-63F4BF0CF990}.Debug|Any CPU.ActiveCfg = Debug|Any CPU
		{8E02BEE4-F7DC-43F9-B764-63F4BF0CF990}.Debug|Any CPU.Build.0 = Debug|Any CPU
		{8E02BEE4-F7DC-43F9-B764-63F4BF0CF990}.Release|Any CPU.ActiveCfg = Release|Any CPU
		{8E02BEE4-F7DC-43F9-B764-63F4BF0CF990}.Release|Any CPU.Build.0 = Release|Any CPU
	EndGlobalSection
	GlobalSection(SolutionProperties) = preSolution
		HideSolutionNode = FALSE
	EndGlobalSection
	GlobalSection(ExtensibilityGlobals) = postSolution
		SolutionGuid = {0961F346-D51D-467A-A024-2C741A08C92D}
	EndGlobalSection
EndGlobal
